
Microsoft Visual Studio Solution File, Format Version 12.00
# Visual Studio Version 17
VisualStudioVersion = 17.12.35521.163
MinimumVisualStudioVersion = 10.0.40219.1
Project("{FAE04EC0-301F-11D3-BF4B-00C04F79EFBC}") = "lab01", "lab01\lab01.csproj", "{D599A40B-8DA5-473A-943E-33A5C19F550F}"
EndProject
Project("{FAE04EC0-301F-11D3-BF4B-00C04F79EFBC}") = "lab02", "lab02\lab02.csproj", "{BB333B86-0D0D-4D36-92D8-6D0508706829}"
EndProject
Project("{FAE04EC0-301F-11D3-BF4B-00C04F79EFBC}") = "lab02_2", "lab2_2\lab02_2.csproj", "{9D8CC4F9-BE13-4E68-B543-C4E9A2F1946C}"
EndProject
Project("{FAE04EC0-301F-11D3-BF4B-00C04F79EFBC}") = "lab02_3", "lab02_3\lab02_3.csproj", "{39684F54-296A-4A59-B0E0-73E66F786582}"
EndProject
Project("{FAE04EC0-301F-11D3-BF4B-00C04F79EFBC}") = "DAL003", "DAL003\DAL003.csproj", "{314B4AA8-2E5F-4DAB-9A5B-5DEDF5F766CC}"
EndProject
Project("{FAE04EC0-301F-11D3-BF4B-00C04F79EFBC}") = "DAL003_test", "DAL003_test\DAL003_test.csproj", "{838A50EA-AD58-415A-A1EB-5B8DACB7629B}"
EndProject
Project("{FAE04EC0-301F-11D3-BF4B-00C04F79EFBC}") = "ASPA_003", "ASPA_003\ASPA_003.csproj", "{F8299274-5A49-4813-AA93-E61D218023AA}"
EndProject
Project("{FAE04EC0-301F-11D3-BF4B-00C04F79EFBC}") = "DAL004", "DAL004\DAL004.csproj", "{30C86AF5-F99F-4E99-8F91-90F8290FD39F}"
EndProject
Project("{FAE04EC0-301F-11D3-BF4B-00C04F79EFBC}") = "DAL004_test", "DAL004_test\DAL004_test.csproj", "{E6A04F96-CA18-4315-947C-BBF2440EA25A}"
EndProject
Project("{FAE04EC0-301F-11D3-BF4B-00C04F79EFBC}") = "ASPA_004", "ASPA004\ASPA_004.csproj", "{1C62A7F3-2EB6-483B-9BE2-B8B44FDD217D}"
EndProject
Project("{FAE04EC0-301F-11D3-BF4B-00C04F79EFBC}") = "ASPA004_2", "ASPA004_2\ASPA004_2.csproj", "{D9433F9E-250A-4902-9832-10F54F68DF9C}"
EndProject
Project("{FAE04EC0-301F-11D3-BF4B-00C04F79EFBC}") = "ASPA004_3", "ASPA004_3\ASPA004_3.csproj", "{301DFE0C-A6CE-42EA-AE77-E23B9E3DD4A2}"
EndProject
Global
	GlobalSection(SolutionConfigurationPlatforms) = preSolution
		Debug|Any CPU = Debug|Any CPU
		Release|Any CPU = Release|Any CPU
	EndGlobalSection
	GlobalSection(ProjectConfigurationPlatforms) = postSolution
		{D599A40B-8DA5-473A-943E-33A5C19F550F}.Debug|Any CPU.ActiveCfg = Debug|Any CPU
		{D599A40B-8DA5-473A-943E-33A5C19F550F}.Debug|Any CPU.Build.0 = Debug|Any CPU
		{D599A40B-8DA5-473A-943E-33A5C19F550F}.Release|Any CPU.ActiveCfg = Release|Any CPU
		{D599A40B-8DA5-473A-943E-33A5C19F550F}.Release|Any CPU.Build.0 = Release|Any CPU
		{BB333B86-0D0D-4D36-92D8-6D0508706829}.Debug|Any CPU.ActiveCfg = Debug|Any CPU
		{BB333B86-0D0D-4D36-92D8-6D0508706829}.Debug|Any CPU.Build.0 = Debug|Any CPU
		{BB333B86-0D0D-4D36-92D8-6D0508706829}.Release|Any CPU.ActiveCfg = Release|Any CPU
		{BB333B86-0D0D-4D36-92D8-6D0508706829}.Release|Any CPU.Build.0 = Release|Any CPU
		{9D8CC4F9-BE13-4E68-B543-C4E9A2F1946C}.Debug|Any CPU.ActiveCfg = Debug|Any CPU
		{9D8CC4F9-BE13-4E68-B543-C4E9A2F1946C}.Debug|Any CPU.Build.0 = Debug|Any CPU
		{9D8CC4F9-BE13-4E68-B543-C4E9A2F1946C}.Release|Any CPU.ActiveCfg = Release|Any CPU
		{9D8CC4F9-BE13-4E68-B543-C4E9A2F1946C}.Release|Any CPU.Build.0 = Release|Any CPU
		{39684F54-296A-4A59-B0E0-73E66F786582}.Debug|Any CPU.ActiveCfg = Debug|Any CPU
		{39684F54-296A-4A59-B0E0-73E66F786582}.Debug|Any CPU.Build.0 = Debug|Any CPU
		{39684F54-296A-4A59-B0E0-73E66F786582}.Release|Any CPU.ActiveCfg = Release|Any CPU
		{39684F54-296A-4A59-B0E0-73E66F786582}.Release|Any CPU.Build.0 = Release|Any CPU
		{314B4AA8-2E5F-4DAB-9A5B-5DEDF5F766CC}.Debug|Any CPU.ActiveCfg = Debug|Any CPU
		{314B4AA8-2E5F-4DAB-9A5B-5DEDF5F766CC}.Debug|Any CPU.Build.0 = Debug|Any CPU
		{314B4AA8-2E5F-4DAB-9A5B-5DEDF5F766CC}.Release|Any CPU.ActiveCfg = Release|Any CPU
		{314B4AA8-2E5F-4DAB-9A5B-5DEDF5F766CC}.Release|Any CPU.Build.0 = Release|Any CPU
		{838A50EA-AD58-415A-A1EB-5B8DACB7629B}.Debug|Any CPU.ActiveCfg = Debug|Any CPU
		{838A50EA-AD58-415A-A1EB-5B8DACB7629B}.Debug|Any CPU.Build.0 = Debug|Any CPU
		{838A50EA-AD58-415A-A1EB-5B8DACB7629B}.Release|Any CPU.ActiveCfg = Release|Any CPU
		{838A50EA-AD58-415A-A1EB-5B8DACB7629B}.Release|Any CPU.Build.0 = Release|Any CPU
		{F8299274-5A49-4813-AA93-E61D218023AA}.Debug|Any CPU.ActiveCfg = Debug|Any CPU
		{F8299274-5A49-4813-AA93-E61D218023AA}.Debug|Any CPU.Build.0 = Debug|Any CPU
		{F8299274-5A49-4813-AA93-E61D218023AA}.Release|Any CPU.ActiveCfg = Release|Any CPU
		{F8299274-5A49-4813-AA93-E61D218023AA}.Release|Any CPU.Build.0 = Release|Any CPU
		{30C86AF5-F99F-4E99-8F91-90F8290FD39F}.Debug|Any CPU.ActiveCfg = Debug|Any CPU
		{30C86AF5-F99F-4E99-8F91-90F8290FD39F}.Debug|Any CPU.Build.0 = Debug|Any CPU
		{30C86AF5-F99F-4E99-8F91-90F8290FD39F}.Release|Any CPU.ActiveCfg = Release|Any CPU
		{30C86AF5-F99F-4E99-8F91-90F8290FD39F}.Release|Any CPU.Build.0 = Release|Any CPU
		{E6A04F96-CA18-4315-947C-BBF2440EA25A}.Debug|Any CPU.ActiveCfg = Debug|Any CPU
		{E6A04F96-CA18-4315-947C-BBF2440EA25A}.Debug|Any CPU.Build.0 = Debug|Any CPU
		{E6A04F96-CA18-4315-947C-BBF2440EA25A}.Release|Any CPU.ActiveCfg = Release|Any CPU
		{E6A04F96-CA18-4315-947C-BBF2440EA25A}.Release|Any CPU.Build.0 = Release|Any CPU
		{1C62A7F3-2EB6-483B-9BE2-B8B44FDD217D}.Debug|Any CPU.ActiveCfg = Debug|Any CPU
		{1C62A7F3-2EB6-483B-9BE2-B8B44FDD217D}.Debug|Any CPU.Build.0 = Debug|Any CPU
		{1C62A7F3-2EB6-483B-9BE2-B8B44FDD217D}.Release|Any CPU.ActiveCfg = Release|Any CPU
		{1C62A7F3-2EB6-483B-9BE2-B8B44FDD217D}.Release|Any CPU.Build.0 = Release|Any CPU
		{D9433F9E-250A-4902-9832-10F54F68DF9C}.Debug|Any CPU.ActiveCfg = Debug|Any CPU
		{D9433F9E-250A-4902-9832-10F54F68DF9C}.Debug|Any CPU.Build.0 = Debug|Any CPU
		{D9433F9E-250A-4902-9832-10F54F68DF9C}.Release|Any CPU.ActiveCfg = Release|Any CPU
		{D9433F9E-250A-4902-9832-10F54F68DF9C}.Release|Any CPU.Build.0 = Release|Any CPU
		{301DFE0C-A6CE-42EA-AE77-E23B9E3DD4A2}.Debug|Any CPU.ActiveCfg = Debug|Any CPU
		{301DFE0C-A6CE-42EA-AE77-E23B9E3DD4A2}.Debug|Any CPU.Build.0 = Debug|Any CPU
		{301DFE0C-A6CE-42EA-AE77-E23B9E3DD4A2}.Release|Any CPU.ActiveCfg = Release|Any CPU
		{301DFE0C-A6CE-42EA-AE77-E23B9E3DD4A2}.Release|Any CPU.Build.0 = Release|Any CPU
	EndGlobalSection
	GlobalSection(SolutionProperties) = preSolution
		HideSolutionNode = FALSE
	EndGlobalSection
EndGlobal
